# THIS IS AN AUTOGENERATED FILE. DO NOT EDIT THIS FILE DIRECTLY.
# yarn lockfile v1


"@bazel/rollup@^2.0.0-rc.3":
  version "2.0.0-rc.3"
  resolved "https://registry.yarnpkg.com/@bazel/rollup/-/rollup-2.0.0-rc.3.tgz#6b27da7d9640a7267f65340b217ba4c76201edd1"
  integrity sha512-Ome9L/UaQZueHansa1ueJdIDa3Wcy5Dp2NvWWSayZDUegCem7NN72iTD0VFJyh9cPUNamk1c7BF0Vhyxhj0rPw==

"@bazel/terser@^2.0.0-rc.3":
  version "2.0.0-rc.3"
  resolved "https://registry.yarnpkg.com/@bazel/terser/-/terser-2.0.0-rc.3.tgz#bbe342411bda953a729cb0daba0835bb9c4c826a"
  integrity sha512-pLyki1SSYrfhFK50gD50jYRUYHkzqHGMgY3pkP5zDI8TAa06rLmpfPJU6ote06oJ25QIW7vmiZ/vAX0KZmkmAA==

"@types/estree@0.0.39":
  version "0.0.39"
  resolved "https://registry.yarnpkg.com/@types/estree/-/estree-0.0.39.tgz#e177e699ee1b8c22d23174caaa7422644389509f"
  integrity sha512-EYNwp3bU+98cpU4lAWYYL7Zz+2gryWH1qbdDTidVd6hkiR6weksdbMadyXKXNPEkQFhXM+hVO9ZygomHXp+AIw==

"@types/node@^12.7.2":
  version "12.7.8"
  resolved "https://registry.yarnpkg.com/@types/node/-/node-12.7.8.tgz#cb1bf6800238898bc2ff6ffa5702c3cadd350708"
  integrity sha512-FMdVn84tJJdV+xe+53sYiZS4R5yn1mAIxfj+DVoNiQjTYz1+OYmjwEZr1ev9nU0axXwda0QDbYl06QHanRVH3A==

acorn@^7.0.0:
  version "7.1.0"
  resolved "https://registry.yarnpkg.com/acorn/-/acorn-7.1.0.tgz#949d36f2c292535da602283586c2477c57eb2d6c"
  integrity sha512-kL5CuoXA/dgxlBbVrflsflzQ3PAas7RYZB52NOm/6839iVYJgKMJ3cQJD+t2i5+qFa8h3MDpEOJiS64E8JLnSQ==

buffer-from@^1.0.0:
  version "1.1.1"
  resolved "https://registry.yarnpkg.com/buffer-from/-/buffer-from-1.1.1.tgz#32713bc028f75c02fdb710d7c7bcec1f2c6070ef"
  integrity sha512-MQcXEUbCKtEo7bhqEs6560Hyd4XaovZlO/k9V3hjVUF/zwW7KBVdSK4gIt/bzwS9MbR5qob+F5jusZsb0YQK2A==

commander@^2.20.0:
  version "2.20.0"
  resolved "https://registry.yarnpkg.com/commander/-/commander-2.20.0.tgz#d58bb2b5c1ee8f87b0d340027e9e94e222c5a422"
  integrity sha512-7j2y+40w61zy6YC2iRNpUe/NwhNyoXrYpHMrSunaMG64nRnaf96zO/KMQR4OyN/UnE5KLyEBnKHd4aG3rskjpQ==

rollup@1.20.3:
  version "1.20.3"
  resolved "https://registry.yarnpkg.com/rollup/-/rollup-1.20.3.tgz#6243f6c118ca05f56b2d9433112400cd834a1eb8"
  integrity sha512-/OMCkY0c6E8tleeVm4vQVDz24CkVgvueK3r8zTYu2AQNpjrcaPwO9hE+pWj5LTFrvvkaxt4MYIp2zha4y0lRvg==
  dependencies:
    "@types/estree" "0.0.39"
    "@types/node" "^12.7.2"
    acorn "^7.0.0"

source-map-support@~0.5.12:
  version "0.5.13"
  resolved "https://registry.yarnpkg.com/source-map-support/-/source-map-support-0.5.13.tgz#31b24a9c2e73c2de85066c0feb7d44767ed52932"
  integrity sha512-SHSKFHadjVA5oR4PPqhtAVdcBWwRYVd6g6cAXnIbRiIwc2EhPrTuKUBdSLvlEKyIP3GCf89fltvcZiP9MMFA1w==
  dependencies:
    buffer-from "^1.0.0"
    source-map "^0.6.0"

source-map@^0.6.0, source-map@~0.6.1:
  version "0.6.1"
  resolved "https://registry.yarnpkg.com/source-map/-/source-map-0.6.1.tgz#74722af32e9614e9c287a8d0bbde48b5e2f1a263"
  integrity sha512-UjgapumWlbMhkBgzT7Ykc5YXUT46F0iKu8SGXq0bcwP5dz/h0Plj6enJqjz1Zbq2l5WaqYnrVbwWOWMyF3F47g==

terser@4.3.1:
  version "4.3.1"
  resolved "https://registry.yarnpkg.com/terser/-/terser-4.3.1.tgz#09820bcb3398299c4b48d9a86aefc65127d0ed65"
  integrity sha512-pnzH6dnFEsR2aa2SJaKb1uSCl3QmIsJ8dEkj0Fky+2AwMMcC9doMqLOQIH6wVTEKaVfKVvLSk5qxPBEZT9mywg==
  dependencies:
    commander "^2.20.0"
    source-map "~0.6.1"
    source-map-support "~0.5.12"
