# THIS IS AN AUTOGENERATED FILE. DO NOT EDIT THIS FILE DIRECTLY.
# yarn lockfile v1


"@babel/code-frame@7.0.0-rc.3":
  version "7.0.0-rc.3"
  resolved "https://registry.yarnpkg.com/@babel/code-frame/-/code-frame-7.0.0-rc.3.tgz#d77a587401f818a3168700f596e41cd6905947b2"
  dependencies:
    "@babel/highlight" "7.0.0-rc.3"

"@babel/core@^7.0.0-rc.3":
  version "7.0.0-rc.3"
  resolved "https://registry.yarnpkg.com/@babel/core/-/core-7.0.0-rc.3.tgz#0c3b5c4fcc65ea3fc7c019202aca6cd0b17705e7"
  dependencies:
    "@babel/code-frame" "7.0.0-rc.3"
    "@babel/generator" "7.0.0-rc.3"
    "@babel/helpers" "7.0.0-rc.3"
    "@babel/parser" "7.0.0-rc.3"
    "@babel/template" "7.0.0-rc.3"
    "@babel/traverse" "7.0.0-rc.3"
    "@babel/types" "7.0.0-rc.3"
    convert-source-map "^1.1.0"
    debug "^3.1.0"
    json5 "^0.5.0"
    lodash "^4.17.10"
    resolve "^1.3.2"
    semver "^5.4.1"
    source-map "^0.5.0"

"@babel/generator@7.0.0-rc.3":
  version "7.0.0-rc.3"
  resolved "https://registry.yarnpkg.com/@babel/generator/-/generator-7.0.0-rc.3.tgz#3267085de2d9b8779bde79052ee5f7070d99a5ab"
  dependencies:
    "@babel/types" "7.0.0-rc.3"
    jsesc "^2.5.1"
    lodash "^4.17.10"
    source-map "^0.5.0"
    trim-right "^1.0.1"

"@babel/helper-annotate-as-pure@7.0.0-rc.3":
  version "7.0.0-rc.3"
  resolved "https://registry.yarnpkg.com/@babel/helper-annotate-as-pure/-/helper-annotate-as-pure-7.0.0-rc.3.tgz#0251d48d2f6d175ffdd9601fc032e3bdaa4e580a"
  dependencies:
    "@babel/types" "7.0.0-rc.3"

"@babel/helper-builder-binary-assignment-operator-visitor@7.0.0-rc.3":
  version "7.0.0-rc.3"
  resolved "https://registry.yarnpkg.com/@babel/helper-builder-binary-assignment-operator-visitor/-/helper-builder-binary-assignment-operator-visitor-7.0.0-rc.3.tgz#2df11e360f20fb636383f7edd37a439d81c3e694"
  dependencies:
    "@babel/helper-explode-assignable-expression" "7.0.0-rc.3"
    "@babel/types" "7.0.0-rc.3"

"@babel/helper-call-delegate@7.0.0-rc.3":
  version "7.0.0-rc.3"
  resolved "https://registry.yarnpkg.com/@babel/helper-call-delegate/-/helper-call-delegate-7.0.0-rc.3.tgz#6a96c63e5a72138f1cfcd9c4bfa99cdd1f650f19"
  dependencies:
    "@babel/helper-hoist-variables" "7.0.0-rc.3"
    "@babel/traverse" "7.0.0-rc.3"
    "@babel/types" "7.0.0-rc.3"

"@babel/helper-define-map@7.0.0-rc.3":
  version "7.0.0-rc.3"
  resolved "https://registry.yarnpkg.com/@babel/helper-define-map/-/helper-define-map-7.0.0-rc.3.tgz#fea0abc72c8728887873770d3939dc8bf49c3e92"
  dependencies:
    "@babel/helper-function-name" "7.0.0-rc.3"
    "@babel/types" "7.0.0-rc.3"
    lodash "^4.17.10"

"@babel/helper-explode-assignable-expression@7.0.0-rc.3":
  version "7.0.0-rc.3"
  resolved "https://registry.yarnpkg.com/@babel/helper-explode-assignable-expression/-/helper-explode-assignable-expression-7.0.0-rc.3.tgz#987b3295b68e380acdab6ff5923f9cad8764c74c"
  dependencies:
    "@babel/traverse" "7.0.0-rc.3"
    "@babel/types" "7.0.0-rc.3"

"@babel/helper-function-name@7.0.0-rc.3":
  version "7.0.0-rc.3"
  resolved "https://registry.yarnpkg.com/@babel/helper-function-name/-/helper-function-name-7.0.0-rc.3.tgz#ddfb3793fe6ca13be7161afa045971b8e82f96e8"
  dependencies:
    "@babel/helper-get-function-arity" "7.0.0-rc.3"
    "@babel/template" "7.0.0-rc.3"
    "@babel/types" "7.0.0-rc.3"

"@babel/helper-get-function-arity@7.0.0-rc.3":
  version "7.0.0-rc.3"
  resolved "https://registry.yarnpkg.com/@babel/helper-get-function-arity/-/helper-get-function-arity-7.0.0-rc.3.tgz#b9fb083977e1639aac6c9c06b2de7b849aa6fea5"
  dependencies:
    "@babel/types" "7.0.0-rc.3"

"@babel/helper-hoist-variables@7.0.0-rc.3":
  version "7.0.0-rc.3"
  resolved "https://registry.yarnpkg.com/@babel/helper-hoist-variables/-/helper-hoist-variables-7.0.0-rc.3.tgz#cea012ebe83116623609311858a11dd8adc10dfa"
  dependencies:
    "@babel/types" "7.0.0-rc.3"

"@babel/helper-member-expression-to-functions@7.0.0-rc.3":
  version "7.0.0-rc.3"
  resolved "https://registry.yarnpkg.com/@babel/helper-member-expression-to-functions/-/helper-member-expression-to-functions-7.0.0-rc.3.tgz#65a455f0d35e40ee205a89e7c991472e85ffe09a"
  dependencies:
    "@babel/types" "7.0.0-rc.3"

"@babel/helper-module-imports@7.0.0-rc.3":
  version "7.0.0-rc.3"
  resolved "https://registry.yarnpkg.com/@babel/helper-module-imports/-/helper-module-imports-7.0.0-rc.3.tgz#09207a1d2c528abddd74c259af1836bf34194ff5"
  dependencies:
    "@babel/types" "7.0.0-rc.3"

"@babel/helper-module-transforms@7.0.0-rc.3":
  version "7.0.0-rc.3"
  resolved "https://registry.yarnpkg.com/@babel/helper-module-transforms/-/helper-module-transforms-7.0.0-rc.3.tgz#dc92b603f42d3567b2d091241569bbf420221cd9"
  dependencies:
    "@babel/helper-module-imports" "7.0.0-rc.3"
    "@babel/helper-simple-access" "7.0.0-rc.3"
    "@babel/helper-split-export-declaration" "7.0.0-rc.3"
    "@babel/template" "7.0.0-rc.3"
    "@babel/types" "7.0.0-rc.3"
    lodash "^4.17.10"

"@babel/helper-optimise-call-expression@7.0.0-rc.3":
  version "7.0.0-rc.3"
  resolved "https://registry.yarnpkg.com/@babel/helper-optimise-call-expression/-/helper-optimise-call-expression-7.0.0-rc.3.tgz#6a594f922c73c3266f5c59c3374b0e176aefd8a5"
  dependencies:
    "@babel/types" "7.0.0-rc.3"

"@babel/helper-plugin-utils@7.0.0-rc.3":
  version "7.0.0-rc.3"
  resolved "https://registry.yarnpkg.com/@babel/helper-plugin-utils/-/helper-plugin-utils-7.0.0-rc.3.tgz#f68392896f4f3b90bdf7e72e5cc7127cdd5441fd"

"@babel/helper-regex@7.0.0-rc.3":
  version "7.0.0-rc.3"
  resolved "https://registry.yarnpkg.com/@babel/helper-regex/-/helper-regex-7.0.0-rc.3.tgz#1f2e11de94fc2481fc6932c07994444f6b627854"
  dependencies:
    lodash "^4.17.10"

"@babel/helper-remap-async-to-generator@7.0.0-rc.3":
  version "7.0.0-rc.3"
  resolved "https://registry.yarnpkg.com/@babel/helper-remap-async-to-generator/-/helper-remap-async-to-generator-7.0.0-rc.3.tgz#085d673b34b9e57a15325ec0b32dc0bb40836b39"
  dependencies:
    "@babel/helper-annotate-as-pure" "7.0.0-rc.3"
    "@babel/helper-wrap-function" "7.0.0-rc.3"
    "@babel/template" "7.0.0-rc.3"
    "@babel/traverse" "7.0.0-rc.3"
    "@babel/types" "7.0.0-rc.3"

"@babel/helper-replace-supers@7.0.0-rc.3":
  version "7.0.0-rc.3"
  resolved "https://registry.yarnpkg.com/@babel/helper-replace-supers/-/helper-replace-supers-7.0.0-rc.3.tgz#0172cdf556093b8e0245041bd2d76a12af756bf8"
  dependencies:
    "@babel/helper-member-expression-to-functions" "7.0.0-rc.3"
    "@babel/helper-optimise-call-expression" "7.0.0-rc.3"
    "@babel/traverse" "7.0.0-rc.3"
    "@babel/types" "7.0.0-rc.3"

"@babel/helper-simple-access@7.0.0-rc.3":
  version "7.0.0-rc.3"
  resolved "https://registry.yarnpkg.com/@babel/helper-simple-access/-/helper-simple-access-7.0.0-rc.3.tgz#c5a316c0838785eab896b7578ee05b1ac8193f2b"
  dependencies:
    "@babel/template" "7.0.0-rc.3"
    "@babel/types" "7.0.0-rc.3"

"@babel/helper-split-export-declaration@7.0.0-rc.3":
  version "7.0.0-rc.3"
  resolved "https://registry.yarnpkg.com/@babel/helper-split-export-declaration/-/helper-split-export-declaration-7.0.0-rc.3.tgz#42ca01340ddb68ab471f81e6ff2c6270dbdbd113"
  dependencies:
    "@babel/types" "7.0.0-rc.3"

"@babel/helper-wrap-function@7.0.0-rc.3":
  version "7.0.0-rc.3"
  resolved "https://registry.yarnpkg.com/@babel/helper-wrap-function/-/helper-wrap-function-7.0.0-rc.3.tgz#3abcc29bc93c46d61125f994d8667e297f7081fa"
  dependencies:
    "@babel/helper-function-name" "7.0.0-rc.3"
    "@babel/template" "7.0.0-rc.3"
    "@babel/traverse" "7.0.0-rc.3"
    "@babel/types" "7.0.0-rc.3"

"@babel/helpers@7.0.0-rc.3":
  version "7.0.0-rc.3"
  resolved "https://registry.yarnpkg.com/@babel/helpers/-/helpers-7.0.0-rc.3.tgz#321c6b575d4d2c0e7b9f33ea085b8ecaa1965b24"
  dependencies:
    "@babel/template" "7.0.0-rc.3"
    "@babel/traverse" "7.0.0-rc.3"
    "@babel/types" "7.0.0-rc.3"

"@babel/highlight@7.0.0-rc.3":
  version "7.0.0-rc.3"
  resolved "https://registry.yarnpkg.com/@babel/highlight/-/highlight-7.0.0-rc.3.tgz#c2ee83f8e5c0c387279a8c48e06fef2e32027004"
  dependencies:
    chalk "^2.0.0"
    esutils "^2.0.2"
    js-tokens "^4.0.0"

"@babel/parser@7.0.0-rc.3":
  version "7.0.0-rc.3"
  resolved "https://registry.yarnpkg.com/@babel/parser/-/parser-7.0.0-rc.3.tgz#859d7b60ef6b939aab5f6d4f4bffbb7bafdc418b"

"@babel/plugin-proposal-async-generator-functions@7.0.0-rc.3":
  version "7.0.0-rc.3"
  resolved "https://registry.yarnpkg.com/@babel/plugin-proposal-async-generator-functions/-/plugin-proposal-async-generator-functions-7.0.0-rc.3.tgz#22c8a89c8e660c3ff42cd5f5c5921d192a92e190"
  dependencies:
    "@babel/helper-plugin-utils" "7.0.0-rc.3"
    "@babel/helper-remap-async-to-generator" "7.0.0-rc.3"
    "@babel/plugin-syntax-async-generators" "7.0.0-rc.3"

"@babel/plugin-proposal-json-strings@7.0.0-rc.3":
  version "7.0.0-rc.3"
  resolved "https://registry.yarnpkg.com/@babel/plugin-proposal-json-strings/-/plugin-proposal-json-strings-7.0.0-rc.3.tgz#0b1d313981d6f4dca6b1419ee0b61d57dc368308"
  dependencies:
    "@babel/helper-plugin-utils" "7.0.0-rc.3"
    "@babel/plugin-syntax-json-strings" "7.0.0-rc.3"

"@babel/plugin-proposal-object-rest-spread@7.0.0-rc.3":
  version "7.0.0-rc.3"
  resolved "https://registry.yarnpkg.com/@babel/plugin-proposal-object-rest-spread/-/plugin-proposal-object-rest-spread-7.0.0-rc.3.tgz#c51a93b86d59eb35ea4f123c5f18f0953a25d761"
  dependencies:
    "@babel/helper-plugin-utils" "7.0.0-rc.3"
    "@babel/plugin-syntax-object-rest-spread" "7.0.0-rc.3"

"@babel/plugin-proposal-optional-catch-binding@7.0.0-rc.3":
  version "7.0.0-rc.3"
  resolved "https://registry.yarnpkg.com/@babel/plugin-proposal-optional-catch-binding/-/plugin-proposal-optional-catch-binding-7.0.0-rc.3.tgz#47f81c6549661c99dc74c3f5161ae90b76b6ca66"
  dependencies:
    "@babel/helper-plugin-utils" "7.0.0-rc.3"
    "@babel/plugin-syntax-optional-catch-binding" "7.0.0-rc.3"

"@babel/plugin-proposal-unicode-property-regex@7.0.0-rc.3":
  version "7.0.0-rc.3"
  resolved "https://registry.yarnpkg.com/@babel/plugin-proposal-unicode-property-regex/-/plugin-proposal-unicode-property-regex-7.0.0-rc.3.tgz#27a6e328ab018dc0128fcbde9cfff0e67d87da94"
  dependencies:
    "@babel/helper-plugin-utils" "7.0.0-rc.3"
    "@babel/helper-regex" "7.0.0-rc.3"
    regexpu-core "^4.2.0"

"@babel/plugin-syntax-async-generators@7.0.0-rc.3":
  version "7.0.0-rc.3"
  resolved "https://registry.yarnpkg.com/@babel/plugin-syntax-async-generators/-/plugin-syntax-async-generators-7.0.0-rc.3.tgz#7d768f8bb18597781ade989c87519181b69764bf"
  dependencies:
    "@babel/helper-plugin-utils" "7.0.0-rc.3"

"@babel/plugin-syntax-json-strings@7.0.0-rc.3":
  version "7.0.0-rc.3"
  resolved "https://registry.yarnpkg.com/@babel/plugin-syntax-json-strings/-/plugin-syntax-json-strings-7.0.0-rc.3.tgz#5dc7b1f713de140451446a6c36739c15de857a95"
  dependencies:
    "@babel/helper-plugin-utils" "7.0.0-rc.3"

"@babel/plugin-syntax-object-rest-spread@7.0.0-rc.3":
  version "7.0.0-rc.3"
  resolved "https://registry.yarnpkg.com/@babel/plugin-syntax-object-rest-spread/-/plugin-syntax-object-rest-spread-7.0.0-rc.3.tgz#4458bb8b61849a81de4a90f98f4cb4f87d1d95c5"
  dependencies:
    "@babel/helper-plugin-utils" "7.0.0-rc.3"

"@babel/plugin-syntax-optional-catch-binding@7.0.0-rc.3":
  version "7.0.0-rc.3"
  resolved "https://registry.yarnpkg.com/@babel/plugin-syntax-optional-catch-binding/-/plugin-syntax-optional-catch-binding-7.0.0-rc.3.tgz#5fe5ed7c95a98e2e0b8fc38c4c64904045580ae3"
  dependencies:
    "@babel/helper-plugin-utils" "7.0.0-rc.3"

"@babel/plugin-transform-arrow-functions@7.0.0-rc.3":
  version "7.0.0-rc.3"
  resolved "https://registry.yarnpkg.com/@babel/plugin-transform-arrow-functions/-/plugin-transform-arrow-functions-7.0.0-rc.3.tgz#e6c22148d0c2873522a2db8e21ba39d9db188d74"
  dependencies:
    "@babel/helper-plugin-utils" "7.0.0-rc.3"

"@babel/plugin-transform-async-to-generator@7.0.0-rc.3":
  version "7.0.0-rc.3"
  resolved "https://registry.yarnpkg.com/@babel/plugin-transform-async-to-generator/-/plugin-transform-async-to-generator-7.0.0-rc.3.tgz#df63901f6071324f1b2ac5b5b36fc79108772a98"
  dependencies:
    "@babel/helper-module-imports" "7.0.0-rc.3"
    "@babel/helper-plugin-utils" "7.0.0-rc.3"
    "@babel/helper-remap-async-to-generator" "7.0.0-rc.3"

"@babel/plugin-transform-block-scoped-functions@7.0.0-rc.3":
  version "7.0.0-rc.3"
  resolved "https://registry.yarnpkg.com/@babel/plugin-transform-block-scoped-functions/-/plugin-transform-block-scoped-functions-7.0.0-rc.3.tgz#f3a6df435012bb5fc8cc77b17c670c32dcc8a350"
  dependencies:
    "@babel/helper-plugin-utils" "7.0.0-rc.3"

"@babel/plugin-transform-block-scoping@7.0.0-rc.3":
  version "7.0.0-rc.3"
  resolved "https://registry.yarnpkg.com/@babel/plugin-transform-block-scoping/-/plugin-transform-block-scoping-7.0.0-rc.3.tgz#65ea3edc061b09375218ae86edf6e0897769abc0"
  dependencies:
    "@babel/helper-plugin-utils" "7.0.0-rc.3"
    lodash "^4.17.10"

"@babel/plugin-transform-classes@7.0.0-rc.3":
  version "7.0.0-rc.3"
  resolved "https://registry.yarnpkg.com/@babel/plugin-transform-classes/-/plugin-transform-classes-7.0.0-rc.3.tgz#4bc40e0ab871169e72a847a1d031fef8c34f3fb8"
  dependencies:
    "@babel/helper-annotate-as-pure" "7.0.0-rc.3"
    "@babel/helper-define-map" "7.0.0-rc.3"
    "@babel/helper-function-name" "7.0.0-rc.3"
    "@babel/helper-optimise-call-expression" "7.0.0-rc.3"
    "@babel/helper-plugin-utils" "7.0.0-rc.3"
    "@babel/helper-replace-supers" "7.0.0-rc.3"
    "@babel/helper-split-export-declaration" "7.0.0-rc.3"
    globals "^11.1.0"

"@babel/plugin-transform-computed-properties@7.0.0-rc.3":
  version "7.0.0-rc.3"
  resolved "https://registry.yarnpkg.com/@babel/plugin-transform-computed-properties/-/plugin-transform-computed-properties-7.0.0-rc.3.tgz#f8349aeca43c1062b2d4527a2aab0c892bc94deb"
  dependencies:
    "@babel/helper-plugin-utils" "7.0.0-rc.3"

"@babel/plugin-transform-destructuring@7.0.0-rc.3":
  version "7.0.0-rc.3"
  resolved "https://registry.yarnpkg.com/@babel/plugin-transform-destructuring/-/plugin-transform-destructuring-7.0.0-rc.3.tgz#5924f10e29a1d2017f5d970c7769d2639bf16bf1"
  dependencies:
    "@babel/helper-plugin-utils" "7.0.0-rc.3"

"@babel/plugin-transform-dotall-regex@7.0.0-rc.3":
  version "7.0.0-rc.3"
  resolved "https://registry.yarnpkg.com/@babel/plugin-transform-dotall-regex/-/plugin-transform-dotall-regex-7.0.0-rc.3.tgz#7c7acf5cc4279831eabf3817daa85f7862e647cd"
  dependencies:
    "@babel/helper-plugin-utils" "7.0.0-rc.3"
    "@babel/helper-regex" "7.0.0-rc.3"
    regexpu-core "^4.1.3"

"@babel/plugin-transform-duplicate-keys@7.0.0-rc.3":
  version "7.0.0-rc.3"
  resolved "https://registry.yarnpkg.com/@babel/plugin-transform-duplicate-keys/-/plugin-transform-duplicate-keys-7.0.0-rc.3.tgz#39bc3d271d392d8b2c34a9a9dab66f4b68641c3f"
  dependencies:
    "@babel/helper-plugin-utils" "7.0.0-rc.3"

"@babel/plugin-transform-exponentiation-operator@7.0.0-rc.3":
  version "7.0.0-rc.3"
  resolved "https://registry.yarnpkg.com/@babel/plugin-transform-exponentiation-operator/-/plugin-transform-exponentiation-operator-7.0.0-rc.3.tgz#494cc71920f8e31e02f99548c40935cf699f5be5"
  dependencies:
    "@babel/helper-builder-binary-assignment-operator-visitor" "7.0.0-rc.3"
    "@babel/helper-plugin-utils" "7.0.0-rc.3"

"@babel/plugin-transform-for-of@7.0.0-rc.3":
  version "7.0.0-rc.3"
  resolved "https://registry.yarnpkg.com/@babel/plugin-transform-for-of/-/plugin-transform-for-of-7.0.0-rc.3.tgz#e4444180fe6f4a2a5244e9398cf8cfd3b7b9b1ae"
  dependencies:
    "@babel/helper-plugin-utils" "7.0.0-rc.3"

"@babel/plugin-transform-function-name@7.0.0-rc.3":
  version "7.0.0-rc.3"
  resolved "https://registry.yarnpkg.com/@babel/plugin-transform-function-name/-/plugin-transform-function-name-7.0.0-rc.3.tgz#d947d63e9d50e900885cfe86df7e5d3f772cf66e"
  dependencies:
    "@babel/helper-function-name" "7.0.0-rc.3"
    "@babel/helper-plugin-utils" "7.0.0-rc.3"

"@babel/plugin-transform-literals@7.0.0-rc.3":
  version "7.0.0-rc.3"
  resolved "https://registry.yarnpkg.com/@babel/plugin-transform-literals/-/plugin-transform-literals-7.0.0-rc.3.tgz#ec4df668a5065935aa80327ffc8265570361f8de"
  dependencies:
    "@babel/helper-plugin-utils" "7.0.0-rc.3"

"@babel/plugin-transform-modules-amd@7.0.0-rc.3", "@babel/plugin-transform-modules-amd@^7.0.0-rc.3":
  version "7.0.0-rc.3"
  resolved "https://registry.yarnpkg.com/@babel/plugin-transform-modules-amd/-/plugin-transform-modules-amd-7.0.0-rc.3.tgz#1b4188bfaca1edccfb2787db396522ac7055a095"
  dependencies:
    "@babel/helper-module-transforms" "7.0.0-rc.3"
    "@babel/helper-plugin-utils" "7.0.0-rc.3"

"@babel/plugin-transform-modules-commonjs@7.0.0-rc.3":
  version "7.0.0-rc.3"
  resolved "https://registry.yarnpkg.com/@babel/plugin-transform-modules-commonjs/-/plugin-transform-modules-commonjs-7.0.0-rc.3.tgz#11792a4314820bb5f149e3f5c7eed10b342220ca"
  dependencies:
    "@babel/helper-module-transforms" "7.0.0-rc.3"
    "@babel/helper-plugin-utils" "7.0.0-rc.3"
    "@babel/helper-simple-access" "7.0.0-rc.3"

"@babel/plugin-transform-modules-systemjs@7.0.0-rc.3":
  version "7.0.0-rc.3"
  resolved "https://registry.yarnpkg.com/@babel/plugin-transform-modules-systemjs/-/plugin-transform-modules-systemjs-7.0.0-rc.3.tgz#36a9ca740fcf9989e02f0341a02b438cd8e9528e"
  dependencies:
    "@babel/helper-hoist-variables" "7.0.0-rc.3"
    "@babel/helper-plugin-utils" "7.0.0-rc.3"

"@babel/plugin-transform-modules-umd@7.0.0-rc.3":
  version "7.0.0-rc.3"
  resolved "https://registry.yarnpkg.com/@babel/plugin-transform-modules-umd/-/plugin-transform-modules-umd-7.0.0-rc.3.tgz#35d04236716708b620dfca12f009b961b531f1d9"
  dependencies:
    "@babel/helper-module-transforms" "7.0.0-rc.3"
    "@babel/helper-plugin-utils" "7.0.0-rc.3"

"@babel/plugin-transform-new-target@7.0.0-rc.3":
  version "7.0.0-rc.3"
  resolved "https://registry.yarnpkg.com/@babel/plugin-transform-new-target/-/plugin-transform-new-target-7.0.0-rc.3.tgz#5d107e54bc636ebb1af2a026f45fecba47b3e4f0"
  dependencies:
    "@babel/helper-plugin-utils" "7.0.0-rc.3"

"@babel/plugin-transform-object-super@7.0.0-rc.3":
  version "7.0.0-rc.3"
  resolved "https://registry.yarnpkg.com/@babel/plugin-transform-object-super/-/plugin-transform-object-super-7.0.0-rc.3.tgz#3c938c9e97df14c3d340d4be90087ee0c71eb871"
  dependencies:
    "@babel/helper-plugin-utils" "7.0.0-rc.3"
    "@babel/helper-replace-supers" "7.0.0-rc.3"

"@babel/plugin-transform-parameters@7.0.0-rc.3":
  version "7.0.0-rc.3"
  resolved "https://registry.yarnpkg.com/@babel/plugin-transform-parameters/-/plugin-transform-parameters-7.0.0-rc.3.tgz#a4a6a013c98376f521f231e8710316903e1a00e2"
  dependencies:
    "@babel/helper-call-delegate" "7.0.0-rc.3"
    "@babel/helper-get-function-arity" "7.0.0-rc.3"
    "@babel/helper-plugin-utils" "7.0.0-rc.3"

"@babel/plugin-transform-regenerator@7.0.0-rc.3":
  version "7.0.0-rc.3"
  resolved "https://registry.yarnpkg.com/@babel/plugin-transform-regenerator/-/plugin-transform-regenerator-7.0.0-rc.3.tgz#d28f5dae6a2cbb3748abf4b8b89678ea3b1ff029"
  dependencies:
    regenerator-transform "^0.13.3"

"@babel/plugin-transform-shorthand-properties@7.0.0-rc.3":
  version "7.0.0-rc.3"
  resolved "https://registry.yarnpkg.com/@babel/plugin-transform-shorthand-properties/-/plugin-transform-shorthand-properties-7.0.0-rc.3.tgz#84c3529e15e0e285b446448ac45872886ea914c1"
  dependencies:
    "@babel/helper-plugin-utils" "7.0.0-rc.3"

"@babel/plugin-transform-spread@7.0.0-rc.3":
  version "7.0.0-rc.3"
  resolved "https://registry.yarnpkg.com/@babel/plugin-transform-spread/-/plugin-transform-spread-7.0.0-rc.3.tgz#5479b400ec2401327af90d881c04ce450589d402"
  dependencies:
    "@babel/helper-plugin-utils" "7.0.0-rc.3"

"@babel/plugin-transform-sticky-regex@7.0.0-rc.3":
  version "7.0.0-rc.3"
  resolved "https://registry.yarnpkg.com/@babel/plugin-transform-sticky-regex/-/plugin-transform-sticky-regex-7.0.0-rc.3.tgz#d1c2d8cadb2783ee774d04e8504d05cf2b20b1b8"
  dependencies:
    "@babel/helper-plugin-utils" "7.0.0-rc.3"
    "@babel/helper-regex" "7.0.0-rc.3"

"@babel/plugin-transform-template-literals@7.0.0-rc.3":
  version "7.0.0-rc.3"
  resolved "https://registry.yarnpkg.com/@babel/plugin-transform-template-literals/-/plugin-transform-template-literals-7.0.0-rc.3.tgz#da10dedd6c51e9e4d35d71e6abe6cc436e4de029"
  dependencies:
    "@babel/helper-annotate-as-pure" "7.0.0-rc.3"
    "@babel/helper-plugin-utils" "7.0.0-rc.3"

"@babel/plugin-transform-typeof-symbol@7.0.0-rc.3":
  version "7.0.0-rc.3"
  resolved "https://registry.yarnpkg.com/@babel/plugin-transform-typeof-symbol/-/plugin-transform-typeof-symbol-7.0.0-rc.3.tgz#6ce43fa10a4a2651c35bd4913cefd238b3610e39"
  dependencies:
    "@babel/helper-plugin-utils" "7.0.0-rc.3"

"@babel/plugin-transform-unicode-regex@7.0.0-rc.3":
  version "7.0.0-rc.3"
  resolved "https://registry.yarnpkg.com/@babel/plugin-transform-unicode-regex/-/plugin-transform-unicode-regex-7.0.0-rc.3.tgz#91764a332c1c1c5c9265668ef3004432006ce5c5"
  dependencies:
    "@babel/helper-plugin-utils" "7.0.0-rc.3"
    "@babel/helper-regex" "7.0.0-rc.3"
    regexpu-core "^4.1.3"

"@babel/preset-env@^7.0.0-rc.3":
  version "7.0.0-rc.3"
  resolved "https://registry.yarnpkg.com/@babel/preset-env/-/preset-env-7.0.0-rc.3.tgz#b05748a412614bca9f754266610b6cba8f49af10"
  dependencies:
    "@babel/helper-module-imports" "7.0.0-rc.3"
    "@babel/helper-plugin-utils" "7.0.0-rc.3"
    "@babel/plugin-proposal-async-generator-functions" "7.0.0-rc.3"
    "@babel/plugin-proposal-json-strings" "7.0.0-rc.3"
    "@babel/plugin-proposal-object-rest-spread" "7.0.0-rc.3"
    "@babel/plugin-proposal-optional-catch-binding" "7.0.0-rc.3"
    "@babel/plugin-proposal-unicode-property-regex" "7.0.0-rc.3"
    "@babel/plugin-syntax-async-generators" "7.0.0-rc.3"
    "@babel/plugin-syntax-object-rest-spread" "7.0.0-rc.3"
    "@babel/plugin-syntax-optional-catch-binding" "7.0.0-rc.3"
    "@babel/plugin-transform-arrow-functions" "7.0.0-rc.3"
    "@babel/plugin-transform-async-to-generator" "7.0.0-rc.3"
    "@babel/plugin-transform-block-scoped-functions" "7.0.0-rc.3"
    "@babel/plugin-transform-block-scoping" "7.0.0-rc.3"
    "@babel/plugin-transform-classes" "7.0.0-rc.3"
    "@babel/plugin-transform-computed-properties" "7.0.0-rc.3"
    "@babel/plugin-transform-destructuring" "7.0.0-rc.3"
    "@babel/plugin-transform-dotall-regex" "7.0.0-rc.3"
    "@babel/plugin-transform-duplicate-keys" "7.0.0-rc.3"
    "@babel/plugin-transform-exponentiation-operator" "7.0.0-rc.3"
    "@babel/plugin-transform-for-of" "7.0.0-rc.3"
    "@babel/plugin-transform-function-name" "7.0.0-rc.3"
    "@babel/plugin-transform-literals" "7.0.0-rc.3"
    "@babel/plugin-transform-modules-amd" "7.0.0-rc.3"
    "@babel/plugin-transform-modules-commonjs" "7.0.0-rc.3"
    "@babel/plugin-transform-modules-systemjs" "7.0.0-rc.3"
    "@babel/plugin-transform-modules-umd" "7.0.0-rc.3"
    "@babel/plugin-transform-new-target" "7.0.0-rc.3"
    "@babel/plugin-transform-object-super" "7.0.0-rc.3"
    "@babel/plugin-transform-parameters" "7.0.0-rc.3"
    "@babel/plugin-transform-regenerator" "7.0.0-rc.3"
    "@babel/plugin-transform-shorthand-properties" "7.0.0-rc.3"
    "@babel/plugin-transform-spread" "7.0.0-rc.3"
    "@babel/plugin-transform-sticky-regex" "7.0.0-rc.3"
    "@babel/plugin-transform-template-literals" "7.0.0-rc.3"
    "@babel/plugin-transform-typeof-symbol" "7.0.0-rc.3"
    "@babel/plugin-transform-unicode-regex" "7.0.0-rc.3"
    browserslist "^4.1.0"
    invariant "^2.2.2"
    js-levenshtein "^1.1.3"
    semver "^5.3.0"

"@babel/template@7.0.0-rc.3":
  version "7.0.0-rc.3"
  resolved "https://registry.yarnpkg.com/@babel/template/-/template-7.0.0-rc.3.tgz#2ba7d00f86744762632d06a0ffb0494f8443581f"
  dependencies:
    "@babel/code-frame" "7.0.0-rc.3"
    "@babel/parser" "7.0.0-rc.3"
    "@babel/types" "7.0.0-rc.3"

"@babel/traverse@7.0.0-rc.3":
  version "7.0.0-rc.3"
  resolved "https://registry.yarnpkg.com/@babel/traverse/-/traverse-7.0.0-rc.3.tgz#bcf659e46d24244ab51379c849093f8c4e54d239"
  dependencies:
    "@babel/code-frame" "7.0.0-rc.3"
    "@babel/generator" "7.0.0-rc.3"
    "@babel/helper-function-name" "7.0.0-rc.3"
    "@babel/helper-split-export-declaration" "7.0.0-rc.3"
    "@babel/parser" "7.0.0-rc.3"
    "@babel/types" "7.0.0-rc.3"
    debug "^3.1.0"
    globals "^11.1.0"
    lodash "^4.17.10"

"@babel/types@7.0.0-rc.3":
  version "7.0.0-rc.3"
  resolved "https://registry.yarnpkg.com/@babel/types/-/types-7.0.0-rc.3.tgz#877ebc543b139f4a1e4c9bd8849c25ab9aea8f41"
  dependencies:
    esutils "^2.0.2"
    lodash "^4.17.10"
    to-fast-properties "^2.0.0"

ansi-styles@^3.2.1:
  version "3.2.1"
  resolved "https://registry.yarnpkg.com/ansi-styles/-/ansi-styles-3.2.1.tgz#41fbb20243e50b12be0f04b8dedbf07520ce841d"
  dependencies:
    color-convert "^1.9.0"

browserslist@^4.1.0:
  version "4.1.0"
  resolved "https://registry.yarnpkg.com/browserslist/-/browserslist-4.1.0.tgz#81cbb8e52dfa09918f93c6e051d779cb7360785d"
  dependencies:
    caniuse-lite "^1.0.30000878"
    electron-to-chromium "^1.3.61"
    node-releases "^1.0.0-alpha.11"

caniuse-lite@^1.0.30000878:
  version "1.0.30000878"
  resolved "https://registry.yarnpkg.com/caniuse-lite/-/caniuse-lite-1.0.30000878.tgz#c644c39588dd42d3498e952234c372e5a40a4123"

chalk@^2.0.0:
  version "2.4.1"
  resolved "https://registry.yarnpkg.com/chalk/-/chalk-2.4.1.tgz#18c49ab16a037b6eb0152cc83e3471338215b66e"
  dependencies:
    ansi-styles "^3.2.1"
    escape-string-regexp "^1.0.5"
    supports-color "^5.3.0"

color-convert@^1.9.0:
  version "1.9.1"
  resolved "https://registry.yarnpkg.com/color-convert/-/color-convert-1.9.1.tgz#c1261107aeb2f294ebffec9ed9ecad529a6097ed"
  dependencies:
    color-name "^1.1.1"

color-name@^1.1.1:
  version "1.1.3"
  resolved "https://registry.yarnpkg.com/color-name/-/color-name-1.1.3.tgz#a7d0558bd89c42f795dd42328f740831ca53bc25"

commander@^2.17.1:
  version "2.17.1"
  resolved "https://registry.yarnpkg.com/commander/-/commander-2.17.1.tgz#bd77ab7de6de94205ceacc72f1716d29f20a77bf"

convert-source-map@^1.1.0:
  version "1.5.1"
  resolved "https://registry.yarnpkg.com/convert-source-map/-/convert-source-map-1.5.1.tgz#b8278097b9bc229365de5c62cf5fcaed8b5599e5"

debug@^3.1.0:
  version "3.1.0"
  resolved "https://registry.yarnpkg.com/debug/-/debug-3.1.0.tgz#5bb5a0672628b64149566ba16819e61518c67261"
  dependencies:
    ms "2.0.0"

electron-to-chromium@^1.3.61:
  version "1.3.61"
  resolved "https://registry.yarnpkg.com/electron-to-chromium/-/electron-to-chromium-1.3.61.tgz#a8ac295b28d0f03d85e37326fd16b6b6b17a1795"

escape-string-regexp@^1.0.5:
  version "1.0.5"
  resolved "https://registry.yarnpkg.com/escape-string-regexp/-/escape-string-regexp-1.0.5.tgz#1b61c0562190a8dff6ae3bb2cf0200ca130b86d4"

esutils@^2.0.2:
  version "2.0.2"
  resolved "https://registry.yarnpkg.com/esutils/-/esutils-2.0.2.tgz#0abf4f1caa5bcb1f7a9d8acc6dea4faaa04bac9b"

globals@^11.1.0:
  version "11.5.0"
  resolved "https://registry.yarnpkg.com/globals/-/globals-11.5.0.tgz#6bc840de6771173b191f13d3a9c94d441ee92642"

has-flag@^3.0.0:
  version "3.0.0"
  resolved "https://registry.yarnpkg.com/has-flag/-/has-flag-3.0.0.tgz#b5d454dc2199ae225699f3467e5a07f3b955bafd"

invariant@^2.2.2:
  version "2.2.4"
  resolved "https://registry.yarnpkg.com/invariant/-/invariant-2.2.4.tgz#610f3c92c9359ce1db616e538008d23ff35158e6"
  dependencies:
    loose-envify "^1.0.0"

js-levenshtein@^1.1.3:
  version "1.1.3"
  resolved "https://registry.yarnpkg.com/js-levenshtein/-/js-levenshtein-1.1.3.tgz#3ef627df48ec8cf24bacf05c0f184ff30ef413c5"

"js-tokens@^3.0.0 || ^4.0.0", js-tokens@^4.0.0:
  version "4.0.0"
  resolved "https://registry.yarnpkg.com/js-tokens/-/js-tokens-4.0.0.tgz#19203fb59991df98e3a287050d4647cdeaf32499"

jsesc@^2.5.1:
  version "2.5.1"
  resolved "https://registry.yarnpkg.com/jsesc/-/jsesc-2.5.1.tgz#e421a2a8e20d6b0819df28908f782526b96dd1fe"

jsesc@~0.5.0:
  version "0.5.0"
  resolved "https://registry.yarnpkg.com/jsesc/-/jsesc-0.5.0.tgz#e7dee66e35d6fc16f710fe91d5cf69f70f08911d"

json5@^0.5.0:
  version "0.5.1"
  resolved "https://registry.yarnpkg.com/json5/-/json5-0.5.1.tgz#1eade7acc012034ad84e2396767ead9fa5495821"

lodash@^4.17.10:
  version "4.17.10"
  resolved "https://registry.yarnpkg.com/lodash/-/lodash-4.17.10.tgz#1b7793cf7259ea38fb3661d4d38b3260af8ae4e7"

loose-envify@^1.0.0:
  version "1.4.0"
  resolved "https://registry.yarnpkg.com/loose-envify/-/loose-envify-1.4.0.tgz#71ee51fa7be4caec1a63839f7e682d8132d30caf"
  dependencies:
    js-tokens "^3.0.0 || ^4.0.0"

ms@2.0.0:
  version "2.0.0"
  resolved "https://registry.yarnpkg.com/ms/-/ms-2.0.0.tgz#5608aeadfc00be6c2901df5f9861788de0d597c8"

node-releases@^1.0.0-alpha.11:
  version "1.0.0-alpha.11"
  resolved "https://registry.yarnpkg.com/node-releases/-/node-releases-1.0.0-alpha.11.tgz#73c810acc2e5b741a17ddfbb39dfca9ab9359d8a"
  dependencies:
    semver "^5.3.0"

path-parse@^1.0.5:
  version "1.0.5"
  resolved "https://registry.yarnpkg.com/path-parse/-/path-parse-1.0.5.tgz#3c1adf871ea9cd6c9431b6ea2bd74a0ff055c4c1"

private@^0.1.6:
  version "0.1.8"
  resolved "https://registry.yarnpkg.com/private/-/private-0.1.8.tgz#2381edb3689f7a53d653190060fcf822d2f368ff"

regenerate-unicode-properties@^7.0.0:
  version "7.0.0"
  resolved "https://registry.yarnpkg.com/regenerate-unicode-properties/-/regenerate-unicode-properties-7.0.0.tgz#107405afcc4a190ec5ed450ecaa00ed0cafa7a4c"
  dependencies:
    regenerate "^1.4.0"

regenerate@^1.4.0:
  version "1.4.0"
  resolved "https://registry.yarnpkg.com/regenerate/-/regenerate-1.4.0.tgz#4a856ec4b56e4077c557589cae85e7a4c8869a11"

regenerator-transform@^0.13.3:
  version "0.13.3"
  resolved "https://registry.yarnpkg.com/regenerator-transform/-/regenerator-transform-0.13.3.tgz#264bd9ff38a8ce24b06e0636496b2c856b57bcbb"
  dependencies:
    private "^0.1.6"

regexpu-core@^4.1.3, regexpu-core@^4.2.0:
  version "4.2.0"
  resolved "https://registry.yarnpkg.com/regexpu-core/-/regexpu-core-4.2.0.tgz#a3744fa03806cffe146dea4421a3e73bdcc47b1d"
  dependencies:
    regenerate "^1.4.0"
    regenerate-unicode-properties "^7.0.0"
    regjsgen "^0.4.0"
    regjsparser "^0.3.0"
    unicode-match-property-ecmascript "^1.0.4"
    unicode-match-property-value-ecmascript "^1.0.2"

regjsgen@^0.4.0:
  version "0.4.0"
  resolved "https://registry.yarnpkg.com/regjsgen/-/regjsgen-0.4.0.tgz#c1eb4c89a209263f8717c782591523913ede2561"

regjsparser@^0.3.0:
  version "0.3.0"
  resolved "https://registry.yarnpkg.com/regjsparser/-/regjsparser-0.3.0.tgz#3c326da7fcfd69fa0d332575a41c8c0cdf588c96"
  dependencies:
    jsesc "~0.5.0"

resolve@^1.3.2:
  version "1.7.1"
  resolved "https://registry.yarnpkg.com/resolve/-/resolve-1.7.1.tgz#aadd656374fd298aee895bc026b8297418677fd3"
  dependencies:
    path-parse "^1.0.5"

semver@^5.3.0:
  version "5.5.1"
  resolved "https://registry.yarnpkg.com/semver/-/semver-5.5.1.tgz#7dfdd8814bdb7cabc7be0fb1d734cfb66c940477"

semver@^5.4.1:
  version "5.5.0"
  resolved "https://registry.yarnpkg.com/semver/-/semver-5.5.0.tgz#dc4bbc7a6ca9d916dee5d43516f0092b58f7b8ab"

source-map@^0.5.0:
  version "0.5.7"
  resolved "https://registry.yarnpkg.com/source-map/-/source-map-0.5.7.tgz#8a039d2d1021d22d1ea14c80d8ea468ba2ef3fcc"

supports-color@^5.3.0:
  version "5.4.0"
  resolved "https://registry.yarnpkg.com/supports-color/-/supports-color-5.4.0.tgz#1c6b337402c2137605efe19f10fec390f6faab54"
  dependencies:
    has-flag "^3.0.0"

to-fast-properties@^2.0.0:
  version "2.0.0"
  resolved "https://registry.yarnpkg.com/to-fast-properties/-/to-fast-properties-2.0.0.tgz#dc5e698cbd079265bc73e0377681a4e4e83f616e"

trim-right@^1.0.1:
  version "1.0.1"
  resolved "https://registry.yarnpkg.com/trim-right/-/trim-right-1.0.1.tgz#cb2e1203067e0c8de1f614094b9fe45704ea6003"

unicode-canonical-property-names-ecmascript@^1.0.4:
  version "1.0.4"
  resolved "https://registry.yarnpkg.com/unicode-canonical-property-names-ecmascript/-/unicode-canonical-property-names-ecmascript-1.0.4.tgz#2619800c4c825800efdd8343af7dd9933cbe2818"

unicode-match-property-ecmascript@^1.0.4:
  version "1.0.4"
  resolved "https://registry.yarnpkg.com/unicode-match-property-ecmascript/-/unicode-match-property-ecmascript-1.0.4.tgz#8ed2a32569961bce9227d09cd3ffbb8fed5f020c"
  dependencies:
    unicode-canonical-property-names-ecmascript "^1.0.4"
    unicode-property-aliases-ecmascript "^1.0.4"

unicode-match-property-value-ecmascript@^1.0.2:
  version "1.0.2"
  resolved "https://registry.yarnpkg.com/unicode-match-property-value-ecmascript/-/unicode-match-property-value-ecmascript-1.0.2.tgz#9f1dc76926d6ccf452310564fd834ace059663d4"

unicode-property-aliases-ecmascript@^1.0.4:
  version "1.0.4"
  resolved "https://registry.yarnpkg.com/unicode-property-aliases-ecmascript/-/unicode-property-aliases-ecmascript-1.0.4.tgz#5a533f31b4317ea76f17d807fa0d116546111dd0"
