# THIS IS AN AUTOGENERATED FILE. DO NOT EDIT THIS FILE DIRECTLY.
# yarn lockfile v1


semver@1.0.2:
  version "1.0.2"
  resolved "https://registry.yarnpkg.com/semver/-/semver-1.0.2.tgz#57e4e1460c0f1abc2c2c6273457abc04e309706c"
  integrity sha1-V+ThRgwPGrwsLGJzRXq8BOMJcGw=

smallest@1.0.1:
  version "1.0.1"
  resolved "https://registry.yarnpkg.com/smallest/-/smallest-1.0.1.tgz#59ddee13546911b2177f36af61a866bf3b3bfb81"
  integrity sha1-Wd3uE1RpEbIXfzavYahmvzs7+4E=
  dependencies:
    to-array "~0.1.4"

to-array@~0.1.4:
  version "0.1.4"
  resolved "https://registry.yarnpkg.com/to-array/-/to-array-0.1.4.tgz#17e6c11f73dd4f3d74cda7a4ff3238e9ad9bf890"
  integrity sha1-F+bBH3PdTz10zaek/zI46a2b+JA=
