{
  "version": "0.0.0-PLACEHOLDER",
  "lockfileVersion": 1,
  "requires": true,
  "dependencies": {
    "esbuild": {
      "version": "0.12.26",
      "resolved": "https://registry.npmjs.org/esbuild/-/esbuild-0.12.26.tgz",
      "integrity": "sha512-YmTkhPKjvTJ+G5e96NyhGf69bP+hzO0DscqaVJTi5GM34uaD4Ecj7omu5lJO+NrxCUBRhy2chONLK1h/2LwoXA=="
    }
  }
}
