{
  "version": "0.0.0-PLACEHOLDER",
  "lockfileVersion": 1,
  "requires": true,
  "dependencies": {
    "esbuild": {
      "version": "0.13.7",
      "resolved": "https://registry.npmjs.org/esbuild/-/esbuild-0.13.7.tgz",
      "integrity": "sha512-Ok3w+Pc9SNdNVEEJUUx9OvNZHwFyoKS0N+ceytfUB3wh/HxhRkOEc9dO8KR9AjfpFI82/Wg258GRDs1/8SFgKQ==",
      "requires": {
        "esbuild-android-arm64": "0.13.7",
        "esbuild-darwin-64": "0.13.7",
        "esbuild-darwin-arm64": "0.13.7",
        "esbuild-freebsd-64": "0.13.7",
        "esbuild-freebsd-arm64": "0.13.7",
        "esbuild-linux-32": "0.13.7",
        "esbuild-linux-64": "0.13.7",
        "esbuild-linux-arm": "0.13.7",
        "esbuild-linux-arm64": "0.13.7",
        "esbuild-linux-mips64le": "0.13.7",
        "esbuild-linux-ppc64le": "0.13.7",
        "esbuild-netbsd-64": "0.13.7",
        "esbuild-openbsd-64": "0.13.7",
        "esbuild-sunos-64": "0.13.7",
        "esbuild-windows-32": "0.13.7",
        "esbuild-windows-64": "0.13.7",
        "esbuild-windows-arm64": "0.13.7"
      }
    },
    "esbuild-android-arm64": {
      "version": "0.13.7",
      "resolved": "https://registry.npmjs.org/esbuild-android-arm64/-/esbuild-android-arm64-0.13.7.tgz",
      "integrity": "sha512-yqCTKzmm3jiUXgi0yeKhvwZCZTqClUXwwMRAntcM9u/xvXhmpw0V0Z4qDEpnkmF2NCMzmJRH+DAAQ5whuf3CYA==",
      "optional": true
    },
    "esbuild-darwin-64": {
      "version": "0.13.7",
      "resolved": "https://registry.npmjs.org/esbuild-darwin-64/-/esbuild-darwin-64-0.13.7.tgz",
      "integrity": "sha512-MvsgMUWzq5FxoeJLSavw3rgQbaC55A8QTI1U2/8MWamtAeDKyzWQnglcsF0/TkjGLaKEqS0ZLo8akJ8q34BCtw==",
      "optional": true
    },
    "esbuild-darwin-arm64": {
      "version": "0.13.7",
      "resolved": "https://registry.npmjs.org/esbuild-darwin-arm64/-/esbuild-darwin-arm64-0.13.7.tgz",
      "integrity": "sha512-tuP+dpIzXj17UC17VkHFDAH5nB7MajJK7sF8Fz4iVo8cml8YXj3MeNtjjLmx9YFvPs4XW3hFw1eqZJ06h2ssIA==",
      "optional": true
    },
    "esbuild-freebsd-64": {
      "version": "0.13.7",
      "resolved": "https://registry.npmjs.org/esbuild-freebsd-64/-/esbuild-freebsd-64-0.13.7.tgz",
      "integrity": "sha512-p07TrpkCJJyAXXCXFm2IpAvyASUTcuT0OF43riEsgjuRJmtaNBOUENecr2B2k/zd9wkGz6UyxxtnFntaBttkDg==",
      "optional": true
    },
    "esbuild-freebsd-arm64": {
      "version": "0.13.7",
      "resolved": "https://registry.npmjs.org/esbuild-freebsd-arm64/-/esbuild-freebsd-arm64-0.13.7.tgz",
      "integrity": "sha512-MCtfBRkE1GwAnjVoWPYoZ+S/+zanzWxAJVER1/8jmWobCXJG0w+YM2IXQ2fN4T9U96RusFWQDMJVoACnqhIAzg==",
      "optional": true
    },
    "esbuild-linux-32": {
      "version": "0.13.7",
      "resolved": "https://registry.npmjs.org/esbuild-linux-32/-/esbuild-linux-32-0.13.7.tgz",
      "integrity": "sha512-HM4d16XbqToo93LPrgzkiLgX3Xgr9Mw67tEM8vjhHDx18JnaZqPdIsl5ZfCqRGHlLUq+GdFKl6+dH7WlsiWMCA==",
      "optional": true
    },
    "esbuild-linux-64": {
      "version": "0.13.7",
      "resolved": "https://registry.npmjs.org/esbuild-linux-64/-/esbuild-linux-64-0.13.7.tgz",
      "integrity": "sha512-krgiIEyqcS0kfTjptGEQzdYwiEmmqpmiZHlKqZILVuU5BaIVWCBMmVx20HH9waJw1yT0Ao4fZTZ9kg8s/pKAYA==",
      "optional": true
    },
    "esbuild-linux-arm": {
      "version": "0.13.7",
      "resolved": "https://registry.npmjs.org/esbuild-linux-arm/-/esbuild-linux-arm-0.13.7.tgz",
      "integrity": "sha512-GOAt1brGG14mmQx2sRD3wHi3rih94OzhmDRVyo7JvlSmWOfEczPf7zL7YfmgjuktvvuLTERtTJzaih7nyCwPOg==",
      "optional": true
    },
    "esbuild-linux-arm64": {
      "version": "0.13.7",
      "resolved": "https://registry.npmjs.org/esbuild-linux-arm64/-/esbuild-linux-arm64-0.13.7.tgz",
      "integrity": "sha512-aM2BUTdbtzEUOuLqDusGCuWQRqc0JazgbA/6+Q9xhUgNLHGUMAsu4C5G0qPnJCTlWGZX+bcQYma6wFVEp9ibBg==",
      "optional": true
    },
    "esbuild-linux-mips64le": {
      "version": "0.13.7",
      "resolved": "https://registry.npmjs.org/esbuild-linux-mips64le/-/esbuild-linux-mips64le-0.13.7.tgz",
      "integrity": "sha512-+UJq6cxpc2ldaQFdpEDrBhqhluXsqCNlWiHccIjq25r+3YbFg0c/RJEypoVU7tjhGXUGWyWWQ7SLkzHYpf+Nsg==",
      "optional": true
    },
    "esbuild-linux-ppc64le": {
      "version": "0.13.7",
      "resolved": "https://registry.npmjs.org/esbuild-linux-ppc64le/-/esbuild-linux-ppc64le-0.13.7.tgz",
      "integrity": "sha512-6zwpliO4ZZtodDYM1JJEmSMpkd07I8bnNOKoHe7TOs9VhylXJooHh5ObSbSvk3FxCBs+jL5bxb24p10/Cg4RGw==",
      "optional": true
    },
    "esbuild-netbsd-64": {
      "version": "0.13.7",
      "resolved": "https://registry.npmjs.org/esbuild-netbsd-64/-/esbuild-netbsd-64-0.13.7.tgz",
      "integrity": "sha512-CfTHeTfJWlwjgfpApXYvECytLD6BzTWovLE0+28KT7bjU5fM4ieDYzRvjWjFAOB2X6DWpaoQnJAlhJirQBW0EQ==",
      "optional": true
    },
    "esbuild-openbsd-64": {
      "version": "0.13.7",
      "resolved": "https://registry.npmjs.org/esbuild-openbsd-64/-/esbuild-openbsd-64-0.13.7.tgz",
      "integrity": "sha512-qfW+f0MQfl72zVwgbV00I1kAP2zty+N031cNnQINcBmzHOSbEbaBQbUM0kawq+wdfgS/Xmppgf7nD1H8GWAvow==",
      "optional": true
    },
    "esbuild-sunos-64": {
      "version": "0.13.7",
      "resolved": "https://registry.npmjs.org/esbuild-sunos-64/-/esbuild-sunos-64-0.13.7.tgz",
      "integrity": "sha512-fVRM9mV0wAYLt92IqzudxACMLJZRQFx1oJsNeU4fPFmUxIkYE4C7G7z9vqI2eu9bpDo1fA+3+5djo/T/28Mckg==",
      "optional": true
    },
    "esbuild-windows-32": {
      "version": "0.13.7",
      "resolved": "https://registry.npmjs.org/esbuild-windows-32/-/esbuild-windows-32-0.13.7.tgz",
      "integrity": "sha512-v3csjeQtlHHWS1q/tE9rTRCSSU/fGvJVh1l7gkS93ysAaIMeC0j9Q0h2PxFpQ6yxuwftuDYfQdnkVGcqjkKM8A==",
      "optional": true
    },
    "esbuild-windows-64": {
      "version": "0.13.7",
      "resolved": "https://registry.npmjs.org/esbuild-windows-64/-/esbuild-windows-64-0.13.7.tgz",
      "integrity": "sha512-vk+yv/vYpHZP0vxSaxaA4EMaicuxy4E435EXkbsgk5UgpcQgSP0CVlIeaqtgfSM3IwGnpbagOirRVqqZqxyMDQ==",
      "optional": true
    },
    "esbuild-windows-arm64": {
      "version": "0.13.7",
      "resolved": "https://registry.npmjs.org/esbuild-windows-arm64/-/esbuild-windows-arm64-0.13.7.tgz",
      "integrity": "sha512-0Fp+IeG5qWLCK+U6d8L9/SnXkI6f3JMtauSQ8HHzw3Fl0pZ+VImUAUWZ3g2fhthNqp+t8dB3n238CJD6XBn15w==",
      "optional": true
    }
  }
}
