{
  "requires": true,
  "lockfileVersion": 1,
  "dependencies": {
    "rxjs": {
      "version": "6.5.0",
      "resolved": "https://registry.npmjs.org/rxjs/-/rxjs-6.5.0.tgz",
      "integrity": "sha512-FOTfP3LK5VN3dDtr+wjFAeKVe5nTPPTC2+NUFJ8kyuO+YbIl/aME0eQDiX2MCVgnhKyuUYaEjgZEx8iL/4AV6A==",
      "requires": {
        "tslib": "^1.9.0"
      }
    },
    "tslib": {
      "version": "1.10.0",
      "resolved": "https://registry.npmjs.org/tslib/-/tslib-1.10.0.tgz",
      "integrity": "sha512-qOebF53frne81cf0S9B41ByenJ3/IuH8yJKngAX35CmiZySA0khhkovshKK+jGCaMnVomla7gVlIcc3EvKPbTQ=="
    }
  }
}
