# THIS IS AN AUTOGENERATED FILE. DO NOT EDIT THIS FILE DIRECTLY.
# yarn lockfile v1


date-fns@2.14.0:
  version "2.14.0"
  resolved "https://registry.yarnpkg.com/date-fns/-/date-fns-2.14.0.tgz#359a87a265bb34ef2e38f93ecf63ac453f9bc7ba"
  integrity sha512-1zD+68jhFgDIM0rF05rcwYO8cExdNqxjq4xP1QKM60Q45mnO6zaMWB4tOzrIr4M4GSLntsKeE4c9Bdl2jhL/yw==
