# THIS IS AN AUTOGENERATED FILE. DO NOT EDIT THIS FILE DIRECTLY.
# yarn lockfile v1


"@bazel/worker@^5.3.0":
  version "5.3.0"
  resolved "https://registry.yarnpkg.com/@bazel/worker/-/worker-5.3.0.tgz#c3a1296d741057a1ea380afc2fda06b74c182cd6"
  integrity sha512-Tgyaud2/6mtYeaH+uCFQuuIVd/VRDvbUDFJgz8b+/LxTcXaDCb8OSI0ZnrEzLV7FJizMCam3/vWE2x9Ul4SOJw==
  dependencies:
    google-protobuf "^3.6.1"

google-protobuf@^3.6.1:
  version "3.17.3"
  resolved "https://registry.yarnpkg.com/google-protobuf/-/google-protobuf-3.17.3.tgz#f87595073545a77946c8f0b67c302c5f7646d700"
  integrity sha512-OVPzcSWIAJ+d5yiHyeaLrdufQtrvaBrF4JQg+z8ynTkbO3uFcujqXszTumqg1cGsAsjkWnI+M5B1xZ19yR4Wyg==
