# THIS IS AN AUTOGENERATED FILE. DO NOT EDIT THIS FILE DIRECTLY.
# yarn lockfile v1


"@bazel/worker@^5.6.0":
  version "5.6.0"
  resolved "https://registry.yarnpkg.com/@bazel/worker/-/worker-5.6.0.tgz#9ad631a0c7429baeaeb800f03ef1e79630e4f8d9"
  integrity sha512-3U//HQSeTu6kp6e1k/ncPodTj2IZfJCTNH7dL5VzBzXOodyWivudDMCss3X+LRL8KfjiPqPukysRvwzK/INxhg==
  dependencies:
    google-protobuf "^3.6.1"

google-protobuf@^3.6.1:
  version "3.17.3"
  resolved "https://registry.yarnpkg.com/google-protobuf/-/google-protobuf-3.17.3.tgz#f87595073545a77946c8f0b67c302c5f7646d700"
  integrity sha512-OVPzcSWIAJ+d5yiHyeaLrdufQtrvaBrF4JQg+z8ynTkbO3uFcujqXszTumqg1cGsAsjkWnI+M5B1xZ19yR4Wyg==
