# THIS IS AN AUTOGENERATED FILE. DO NOT EDIT THIS FILE DIRECTLY.
# yarn lockfile v1


"@bazel/worker@^4.6.1":
  version "4.6.1"
  resolved "https://registry.yarnpkg.com/@bazel/worker/-/worker-4.6.1.tgz#96925f5819344225d4fe40ffa630a3c5f4847a0b"
  integrity sha512-D6TsHxGSljmlLoz8FXL1+ISh8XnDuRkBpT6Mz0wD62eWajUZASTfX9I4HNiLNbsWY4Omc7nKXI+j4R8/BLciFg==
  dependencies:
    google-protobuf "^3.6.1"

google-protobuf@^3.6.1:
  version "3.17.3"
  resolved "https://registry.yarnpkg.com/google-protobuf/-/google-protobuf-3.17.3.tgz#f87595073545a77946c8f0b67c302c5f7646d700"
  integrity sha512-OVPzcSWIAJ+d5yiHyeaLrdufQtrvaBrF4JQg+z8ynTkbO3uFcujqXszTumqg1cGsAsjkWnI+M5B1xZ19yR4Wyg==
