# THIS IS AN AUTOGENERATED FILE. DO NOT EDIT THIS FILE DIRECTLY.
# yarn lockfile v1


"@gregmagolan/test-a@0.0.1":
  version "0.0.1"
  resolved "https://registry.yarnpkg.com/@gregmagolan/test-a/-/test-a-0.0.1.tgz#c90ebc0676f13b34400da8d1e55ffe5aa76655b4"
  integrity sha512-nMZ3MKkXZ+uYbrm8R3dfdt3v1gOOLtf88CdDciWxMYGLr29oVjQG11y2fz4IRBR6R7hI2Gj+G9sHZ69wLTnjfA==

"@gregmagolan/test-a@0.0.2":
  version "0.0.2"
  resolved "https://registry.yarnpkg.com/@gregmagolan/test-a/-/test-a-0.0.2.tgz#86ab79a55f44860b02d8275e22d282a1f82b8768"
  integrity sha512-u8pW4cm5Xk58fQeA1tGER3KwCfHZ1sBEx0YDWs5Spdi7tiw/21DN7btDvGqx4sG3d2UnUdAnvXPsdwArjNGdmg==

"@gregmagolan/test-b@0.0.2":
  version "0.0.2"
  resolved "https://registry.yarnpkg.com/@gregmagolan/test-b/-/test-b-0.0.2.tgz#7549fb9f39895c0d744c2c24c98b0e5817e46bd7"
  integrity sha512-h+LeJUbUued9XyQwxKMUdklGiGxPYJ1RvTAK9612ctCiMS2Fn0wu/Au5kHsMHxm8l4bOfpgAWmQ0OQQy7wUBCg==
  dependencies:
    "@gregmagolan/test-a" "0.0.1"

os-tmpdir@~1.0.2:
  version "1.0.2"
  resolved "https://registry.yarnpkg.com/os-tmpdir/-/os-tmpdir-1.0.2.tgz#bbe67406c79aa85c5cfec766fe5734555dfa1274"
  integrity sha1-u+Z0BseaqFxc/sdm/lc0VV36EnQ=

tmp@0.0.33:
  version "0.0.33"
  resolved "https://registry.yarnpkg.com/tmp/-/tmp-0.0.33.tgz#6d34335889768d21b2bcda0aa277ced3b1bfadf9"
  integrity sha512-jRCJlojKnZ3addtTOjdIqoRuPEKBvNXcGYqzO6zWZX8KfKEpnGY5jfggJQ3EjKuu8D4bJRr0y+cYJFmYbImXGw==
  dependencies:
    os-tmpdir "~1.0.2"
