{
    "requires": true,
    "lockfileVersion": 1,
    "dependencies": {
        "@bazel/esbuild": {
            "version": "4.0.0",
            "resolved": "https://registry.npmjs.org/@bazel/esbuild/-/esbuild-4.0.0.tgz",
            "integrity": "sha512-SrdJexg+PNjdsTDp0voPS0SlU/yovbwrH+ObtFShHQ2X52u9mqvU2Cm7If48pWobkGK4rl7vDbzIHYWVKdGXlw==",
            "dev": true
        },
        "@bazel/typescript": {
            "version": "4.0.0",
            "resolved": "https://registry.npmjs.org/@bazel/typescript/-/typescript-4.0.0.tgz",
            "integrity": "sha512-+Le9q+5IR9gEnSH8sXyxDB5dD6NJx2kbm6AL+cijYVat2MczpGV4sI1mu0mdLzYsEX5Tjt5iHkaNb7sFESjnYA==",
            "dev": true,
            "requires": {
                "protobufjs": "6.8.8",
                "semver": "5.6.0",
                "source-map-support": "0.5.9",
                "tsutils": "2.27.2"
            }
        },
        "@protobufjs/aspromise": {
            "version": "1.1.2",
            "resolved": "https://registry.npmjs.org/@protobufjs/aspromise/-/aspromise-1.1.2.tgz",
            "integrity": "sha1-m4sMxmPWaafY9vXQiToU00jzD78=",
            "dev": true
        },
        "@protobufjs/base64": {
            "version": "1.1.2",
            "resolved": "https://registry.npmjs.org/@protobufjs/base64/-/base64-1.1.2.tgz",
            "integrity": "sha512-AZkcAA5vnN/v4PDqKyMR5lx7hZttPDgClv83E//FMNhR2TMcLUhfRUBHCmSl0oi9zMgDDqRUJkSxO3wm85+XLg==",
            "dev": true
        },
        "@protobufjs/codegen": {
            "version": "2.0.4",
            "resolved": "https://registry.npmjs.org/@protobufjs/codegen/-/codegen-2.0.4.tgz",
            "integrity": "sha512-YyFaikqM5sH0ziFZCN3xDC7zeGaB/d0IUb9CATugHWbd1FRFwWwt4ld4OYMPWu5a3Xe01mGAULCdqhMlPl29Jg==",
            "dev": true
        },
        "@protobufjs/eventemitter": {
            "version": "1.1.0",
            "resolved": "https://registry.npmjs.org/@protobufjs/eventemitter/-/eventemitter-1.1.0.tgz",
            "integrity": "sha1-NVy8mLr61ZePntCV85diHx0Ga3A=",
            "dev": true
        },
        "@protobufjs/fetch": {
            "version": "1.1.0",
            "resolved": "https://registry.npmjs.org/@protobufjs/fetch/-/fetch-1.1.0.tgz",
            "integrity": "sha1-upn7WYYUr2VwDBYZ/wbUVLDYTEU=",
            "dev": true,
            "requires": {
                "@protobufjs/aspromise": "^1.1.1",
                "@protobufjs/inquire": "^1.1.0"
            }
        },
        "@protobufjs/float": {
            "version": "1.0.2",
            "resolved": "https://registry.npmjs.org/@protobufjs/float/-/float-1.0.2.tgz",
            "integrity": "sha1-Xp4avctz/Ap8uLKR33jIy9l7h9E=",
            "dev": true
        },
        "@protobufjs/inquire": {
            "version": "1.1.0",
            "resolved": "https://registry.npmjs.org/@protobufjs/inquire/-/inquire-1.1.0.tgz",
            "integrity": "sha1-/yAOPnzyQp4tyvwRQIKOjMY48Ik=",
            "dev": true
        },
        "@protobufjs/path": {
            "version": "1.1.2",
            "resolved": "https://registry.npmjs.org/@protobufjs/path/-/path-1.1.2.tgz",
            "integrity": "sha1-bMKyDFya1q0NzP0hynZz2Nf79o0=",
            "dev": true
        },
        "@protobufjs/pool": {
            "version": "1.1.0",
            "resolved": "https://registry.npmjs.org/@protobufjs/pool/-/pool-1.1.0.tgz",
            "integrity": "sha1-Cf0V8tbTq/qbZbw2ZQbWrXhG/1Q=",
            "dev": true
        },
        "@protobufjs/utf8": {
            "version": "1.1.0",
            "resolved": "https://registry.npmjs.org/@protobufjs/utf8/-/utf8-1.1.0.tgz",
            "integrity": "sha1-p3c2C1s5oaLlEG+OhY8v0tBgxXA=",
            "dev": true
        },
        "@types/long": {
            "version": "4.0.1",
            "resolved": "https://registry.npmjs.org/@types/long/-/long-4.0.1.tgz",
            "integrity": "sha512-5tXH6Bx/kNGd3MgffdmP4dy2Z+G4eaXw0SE81Tq3BNadtnMR5/ySMzX4SLEzHJzSmPNn4HIdpQsBvXMUykr58w==",
            "dev": true
        },
        "@types/node": {
            "version": "12.6.3",
            "resolved": "https://registry.npmjs.org/@types/node/-/node-12.6.3.tgz",
            "integrity": "sha512-7TEYTQT1/6PP53NftXXabIZDaZfaoBdeBm8Md/i7zsWRoBe0YwOXguyK8vhHs8ehgB/w9U4K/6EWuTyp0W6nIA==",
            "dev": true
        },
        "ansi-styles": {
            "version": "4.3.0",
            "resolved": "https://registry.npmjs.org/ansi-styles/-/ansi-styles-4.3.0.tgz",
            "integrity": "sha512-zbB9rCJAT1rbjiVDb2hqKFHNYLxgtk8NURxZ3IZwD3F6NtxbXZQCnnSi1Lkx+IDohdPlFp222wVALIheZJQSEg==",
            "requires": {
                "color-convert": "^2.0.1"
            }
        },
        "buffer-from": {
            "version": "1.1.2",
            "resolved": "https://registry.npmjs.org/buffer-from/-/buffer-from-1.1.2.tgz",
            "integrity": "sha512-E+XQCRwSbaaiChtv6k6Dwgc+bx+Bs6vuKJHHl5kox/BaKbhiXzqQOwK4cO22yElGp2OCmjwVhT3HmxgyPGnJfQ==",
            "dev": true
        },
        "chalk": {
            "version": "4.1.0",
            "resolved": "https://registry.npmjs.org/chalk/-/chalk-4.1.0.tgz",
            "integrity": "sha512-qwx12AxXe2Q5xQ43Ac//I6v5aXTipYrSESdOgzrN+9XjgEpyjpKuvSGaN4qE93f7TQTlerQQ8S+EQ0EyDoVL1A==",
            "requires": {
                "ansi-styles": "^4.1.0",
                "supports-color": "^7.1.0"
            }
        },
        "color-convert": {
            "version": "2.0.1",
            "resolved": "https://registry.npmjs.org/color-convert/-/color-convert-2.0.1.tgz",
            "integrity": "sha512-RRECPsj7iu/xb5oKYcsFHSppFNnsj/52OVTRKb4zP5onXwVF3zVmmToNcOfGC+CRDpfK/U584fMg38ZHCaElKQ==",
            "requires": {
                "color-name": "~1.1.4"
            }
        },
        "color-name": {
            "version": "1.1.4",
            "resolved": "https://registry.npmjs.org/color-name/-/color-name-1.1.4.tgz",
            "integrity": "sha512-dOy+3AuW3a2wNbZHIuMZpTcgjGuLU/uBL/ubcZF9OXbDo8ff4O8yVp5Bf0efS8uEoYo5q4Fx7dY9OgQGXgAsQA=="
        },
        "has-flag": {
            "version": "4.0.0",
            "resolved": "https://registry.npmjs.org/has-flag/-/has-flag-4.0.0.tgz",
            "integrity": "sha512-EykJT/Q1KjTWctppgIAgfSO0tKVuZUjhgMr17kqTumMl6Afv3EISleU7qZUzoXDFTAHTDC4NOoG/ZxU3EvlMPQ=="
        },
        "long": {
            "version": "4.0.0",
            "resolved": "https://registry.npmjs.org/long/-/long-4.0.0.tgz",
            "integrity": "sha512-XsP+KhQif4bjX1kbuSiySJFNAehNxgLb6hPRGJ9QsUr8ajHkuXGdrHmFUTUUXhDwVX2R5bY4JNZEwbUiMhV+MA==",
            "dev": true
        },
        "protobufjs": {
            "version": "6.8.8",
            "resolved": "https://registry.npmjs.org/protobufjs/-/protobufjs-6.8.8.tgz",
            "integrity": "sha512-AAmHtD5pXgZfi7GMpllpO3q1Xw1OYldr+dMUlAnffGTAhqkg72WdmSY71uKBF/JuyiKs8psYbtKrhi0ASCD8qw==",
            "dev": true,
            "requires": {
                "@protobufjs/aspromise": "^1.1.2",
                "@protobufjs/base64": "^1.1.2",
                "@protobufjs/codegen": "^2.0.4",
                "@protobufjs/eventemitter": "^1.1.0",
                "@protobufjs/fetch": "^1.1.0",
                "@protobufjs/float": "^1.0.2",
                "@protobufjs/inquire": "^1.1.0",
                "@protobufjs/path": "^1.1.2",
                "@protobufjs/pool": "^1.1.0",
                "@protobufjs/utf8": "^1.1.0",
                "@types/long": "^4.0.0",
                "@types/node": "^10.1.0",
                "long": "^4.0.0"
            },
            "dependencies": {
                "@types/node": {
                    "version": "10.17.60",
                    "resolved": "https://registry.npmjs.org/@types/node/-/node-10.17.60.tgz",
                    "integrity": "sha512-F0KIgDJfy2nA3zMLmWGKxcH2ZVEtCZXHHdOQs2gSaQ27+lNeEfGxzkIw90aXswATX7AZ33tahPbzy6KAfUreVw==",
                    "dev": true
                }
            }
        },
        "semver": {
            "version": "5.6.0",
            "resolved": "https://registry.npmjs.org/semver/-/semver-5.6.0.tgz",
            "integrity": "sha512-RS9R6R35NYgQn++fkDWaOmqGoj4Ek9gGs+DPxNUZKuwE183xjJroKvyo1IzVFeXvUrvmALy6FWD5xrdJT25gMg==",
            "dev": true
        },
        "source-map": {
            "version": "0.6.1",
            "resolved": "https://registry.npmjs.org/source-map/-/source-map-0.6.1.tgz",
            "integrity": "sha512-UjgapumWlbMhkBgzT7Ykc5YXUT46F0iKu8SGXq0bcwP5dz/h0Plj6enJqjz1Zbq2l5WaqYnrVbwWOWMyF3F47g==",
            "dev": true
        },
        "source-map-support": {
            "version": "0.5.9",
            "resolved": "https://registry.npmjs.org/source-map-support/-/source-map-support-0.5.9.tgz",
            "integrity": "sha512-gR6Rw4MvUlYy83vP0vxoVNzM6t8MUXqNuRsuBmBHQDu1Fh6X015FrLdgoDKcNdkwGubozq0P4N0Q37UyFVr1EA==",
            "dev": true,
            "requires": {
                "buffer-from": "^1.0.0",
                "source-map": "^0.6.0"
            }
        },
        "supports-color": {
            "version": "7.2.0",
            "resolved": "https://registry.npmjs.org/supports-color/-/supports-color-7.2.0.tgz",
            "integrity": "sha512-qpCAvRl9stuOHveKsn7HncJRvv501qIacKzQlO/+Lwxc9+0q2wLyv4Dfvt80/DPn2pqOBsJdDiogXGR9+OvwRw==",
            "requires": {
                "has-flag": "^4.0.0"
            }
        },
        "tslib": {
            "version": "1.9.0",
            "resolved": "https://registry.npmjs.org/tslib/-/tslib-1.9.0.tgz",
            "integrity": "sha512-f/qGG2tUkrISBlQZEjEqoZ3B2+npJjIf04H1wuAv9iA8i04Icp+61KRXxFdha22670NJopsZCIjhC3SnjPRKrQ==",
            "dev": true
        },
        "tsutils": {
            "version": "2.27.2",
            "resolved": "https://registry.npmjs.org/tsutils/-/tsutils-2.27.2.tgz",
            "integrity": "sha512-qf6rmT84TFMuxAKez2pIfR8UCai49iQsfB7YWVjV1bKpy/d0PWT5rEOSM6La9PiHZ0k1RRZQiwVdVJfQ3BPHgg==",
            "dev": true,
            "requires": {
                "tslib": "^1.8.1"
            }
        },
        "typescript": {
            "version": "3.5.3",
            "resolved": "https://registry.npmjs.org/typescript/-/typescript-3.5.3.tgz",
            "integrity": "sha512-ACzBtm/PhXBDId6a6sDJfroT2pOWt/oOnk4/dElG5G33ZL776N3Y6/6bKZJBFpd+b05F3Ct9qDjMeJmRWtE2/g==",
            "dev": true
        }
    }
}
